
Microsoft Visual Studio Solution File, Format Version 12.00
# Visual Studio 15
Project("{FAE04EC0-301F-11D3-BF4B-00C04F79EFBC}") = "Microsoft.MixedReality.Toolkit.Providers.OpenVR", "Microsoft.MixedReality.Toolkit.Providers.OpenVR.csproj", "{8DD2786A-4C9E-B689-28DF-DAFC62954F79}"
EndProject
Project("{FAE04EC0-301F-11D3-BF4B-00C04F79EFBC}") = "Microsoft.MixedReality.Toolkit", "Microsoft.MixedReality.Toolkit.csproj", "{6EB1B736-9076-C145-02C6-510E1EAD5100}"
EndProject
Project("{FAE04EC0-301F-11D3-BF4B-00C04F79EFBC}") = "Microsoft.MixedReality.Toolkit.Services.SpatialAwarenessSystem", "Microsoft.MixedReality.Toolkit.Services.SpatialAwarenessSystem.csproj", "{8163B211-54D8-E456-02D5-4EB1C1125DEC}"
EndProject
Project("{FAE04EC0-301F-11D3-BF4B-00C04F79EFBC}") = "Microsoft.MixedReality.Toolkit.SDK", "Microsoft.MixedReality.Toolkit.SDK.csproj", "{3718AA71-1AC9-C258-128E-25602576382F}"
EndProject
Project("{FAE04EC0-301F-11D3-BF4B-00C04F79EFBC}") = "Assembly-CSharp", "Assembly-CSharp.csproj", "{72D8FA52-9B72-3A91-D344-2583DE00F69A}"
EndProject
Project("{FAE04EC0-301F-11D3-BF4B-00C04F79EFBC}") = "Microsoft.MixedReality.Toolkit.Services.InputSystem", "Microsoft.MixedReality.Toolkit.Services.InputSystem.csproj", "{DA1ACEEF-CAAB-89CE-64CE-5F7BA28B3E55}"
EndProject
Project("{FAE04EC0-301F-11D3-BF4B-00C04F79EFBC}") = "Microsoft.MixedReality.Toolkit.Services.DiagnosticsSystem", "Microsoft.MixedReality.Toolkit.Services.DiagnosticsSystem.csproj", "{CE836F50-CC7A-ECB4-A5E3-B58ECE814DA4}"
EndProject
Project("{FAE04EC0-301F-11D3-BF4B-00C04F79EFBC}") = "MixedRealityToolkit.Examples.Demos.Utilities.InspectorFields", "MixedRealityToolkit.Examples.Demos.Utilities.InspectorFields.csproj", "{91C216D8-8E07-5556-E66E-5025B61A54ED}"
EndProject
Project("{FAE04EC0-301F-11D3-BF4B-00C04F79EFBC}") = "Microsoft.MixedReality.Toolkit.Core.Utilities.Async", "Microsoft.MixedReality.Toolkit.Core.Utilities.Async.csproj", "{AEA173C2-00D9-39E7-2776-AF1BBBCF4D05}"
EndProject
Project("{FAE04EC0-301F-11D3-BF4B-00C04F79EFBC}") = "Microsoft.MixedReality.Toolkit.Examples", "Microsoft.MixedReality.Toolkit.Examples.csproj", "{158C99E2-9F76-765A-E196-8840FF83048E}"
EndProject
Project("{FAE04EC0-301F-11D3-BF4B-00C04F79EFBC}") = "Microsoft.MixedReality.Toolkit.Providers.WindowsMixedReality", "Microsoft.MixedReality.Toolkit.Providers.WindowsMixedReality.csproj", "{BE473B7C-816F-77EA-A80E-8059CFB5AE35}"
EndProject
Project("{FAE04EC0-301F-11D3-BF4B-00C04F79EFBC}") = "Microsoft.MixedReality.Toolkit.Providers.WindowsVoiceInput", "Microsoft.MixedReality.Toolkit.Providers.WindowsVoiceInput.csproj", "{F01FEBB0-6DF0-C85F-7D83-7C7DFDE1FC19}"
EndProject
Project("{FAE04EC0-301F-11D3-BF4B-00C04F79EFBC}") = "Microsoft.MixedReality.Toolkit.Services.TeleportSystem", "Microsoft.MixedReality.Toolkit.Services.TeleportSystem.csproj", "{41E66A66-7474-ADB2-849D-DAFD2600C3D2}"
EndProject
Project("{FAE04EC0-301F-11D3-BF4B-00C04F79EFBC}") = "Microsoft.MixedReality.Toolkit.Services.BoundarySystem", "Microsoft.MixedReality.Toolkit.Services.BoundarySystem.csproj", "{19C9E0AA-91F5-4E7C-CF9A-27EAAEEA28A8}"
EndProject
Project("{FAE04EC0-301F-11D3-BF4B-00C04F79EFBC}") = "MixedRealityToolkit-Examples.Demos.UX.Interactables", "MixedRealityToolkit-Examples.Demos.UX.Interactables.csproj", "{8706AE84-523F-1CF3-A828-4CBAF11B681A}"
EndProject
Project("{FAE04EC0-301F-11D3-BF4B-00C04F79EFBC}") = "Microsoft.MixedReality.Toolkit.SDK.Inspectors", "Microsoft.MixedReality.Toolkit.SDK.Inspectors.csproj", "{2777A430-C2EB-5011-9CDB-989FF4EF28C8}"
EndProject
Project("{FAE04EC0-301F-11D3-BF4B-00C04F79EFBC}") = "Microsoft.MixedReality.Toolkit.Core.Inspectors", "Microsoft.MixedReality.Toolkit.Core.Inspectors.csproj", "{0970A06E-3D95-4ED9-0458-612CD70D7EDA}"
EndProject
Project("{FAE04EC0-301F-11D3-BF4B-00C04F79EFBC}") = "MixedRealityToolkit-Examples.Demos.Utilities.InspectorFields.Inspectors", "MixedRealityToolkit-Examples.Demos.Utilities.InspectorFields.Inspectors.csproj", "{A5E1D440-8BE7-5693-6A7B-35DA8C138BD4}"
EndProject
Project("{FAE04EC0-301F-11D3-BF4B-00C04F79EFBC}") = "Microsoft.MixedReality.Toolkit.Core.Utilities.Editor", "Microsoft.MixedReality.Toolkit.Core.Utilities.Editor.csproj", "{D8BCAE20-CD99-64FD-1D6E-A22138AB0C16}"
EndProject
Project("{FAE04EC0-301F-11D3-BF4B-00C04F79EFBC}") = "Microsoft.MixedReality.Toolkit.Core.Build", "Microsoft.MixedReality.Toolkit.Core.Build.csproj", "{B0E15A8E-C3D0-3A09-EE88-5EEA4DC4902B}"
EndProject
Project("{FAE04EC0-301F-11D3-BF4B-00C04F79EFBC}") = "Microsoft.MixedReality.Toolkit.Core.Definitions.Utilities.Editor", "Microsoft.MixedReality.Toolkit.Core.Definitions.Utilities.Editor.csproj", "{EE820072-0EE1-1877-EEAF-5C90C5788729}"
EndProject
Project("{FAE04EC0-301F-11D3-BF4B-00C04F79EFBC}") = "Microsoft.MixedReality.Toolkit.Examples.Demos.StandardShader.Inspectors", "Microsoft.MixedReality.Toolkit.Examples.Demos.StandardShader.Inspectors.csproj", "{7F62649C-8612-5F90-1990-BA85D62FB8AD}"
EndProject
Project("{FAE04EC0-301F-11D3-BF4B-00C04F79EFBC}") = "Microsoft.MixedReality.Toolkit.Core.Extensions.EditorClassExtensions", "Microsoft.MixedReality.Toolkit.Core.Extensions.EditorClassExtensions.csproj", "{154DD211-9EAF-B416-F260-219321189601}"
EndProject
Global
	GlobalSection(SolutionConfigurationPlatforms) = preSolution
		Debug|Any CPU = Debug|Any CPU
		Release|Any CPU = Release|Any CPU
	EndGlobalSection
	GlobalSection(ProjectConfigurationPlatforms) = postSolution
		{8DD2786A-4C9E-B689-28DF-DAFC62954F79}.Debug|Any CPU.ActiveCfg = Debug|Any CPU
		{8DD2786A-4C9E-B689-28DF-DAFC62954F79}.Debug|Any CPU.Build.0 = Debug|Any CPU
		{8DD2786A-4C9E-B689-28DF-DAFC62954F79}.Release|Any CPU.ActiveCfg = Release|Any CPU
		{8DD2786A-4C9E-B689-28DF-DAFC62954F79}.Release|Any CPU.Build.0 = Release|Any CPU
		{6EB1B736-9076-C145-02C6-510E1EAD5100}.Debug|Any CPU.ActiveCfg = Debug|Any CPU
		{6EB1B736-9076-C145-02C6-510E1EAD5100}.Debug|Any CPU.Build.0 = Debug|Any CPU
		{6EB1B736-9076-C145-02C6-510E1EAD5100}.Release|Any CPU.ActiveCfg = Release|Any CPU
		{6EB1B736-9076-C145-02C6-510E1EAD5100}.Release|Any CPU.Build.0 = Release|Any CPU
		{8163B211-54D8-E456-02D5-4EB1C1125DEC}.Debug|Any CPU.ActiveCfg = Debug|Any CPU
		{8163B211-54D8-E456-02D5-4EB1C1125DEC}.Debug|Any CPU.Build.0 = Debug|Any CPU
		{8163B211-54D8-E456-02D5-4EB1C1125DEC}.Release|Any CPU.ActiveCfg = Release|Any CPU
		{8163B211-54D8-E456-02D5-4EB1C1125DEC}.Release|Any CPU.Build.0 = Release|Any CPU
		{3718AA71-1AC9-C258-128E-25602576382F}.Debug|Any CPU.ActiveCfg = Debug|Any CPU
		{3718AA71-1AC9-C258-128E-25602576382F}.Debug|Any CPU.Build.0 = Debug|Any CPU
		{3718AA71-1AC9-C258-128E-25602576382F}.Release|Any CPU.ActiveCfg = Release|Any CPU
		{3718AA71-1AC9-C258-128E-25602576382F}.Release|Any CPU.Build.0 = Release|Any CPU
		{72D8FA52-9B72-3A91-D344-2583DE00F69A}.Debug|Any CPU.ActiveCfg = Debug|Any CPU
		{72D8FA52-9B72-3A91-D344-2583DE00F69A}.Debug|Any CPU.Build.0 = Debug|Any CPU
		{72D8FA52-9B72-3A91-D344-2583DE00F69A}.Release|Any CPU.ActiveCfg = Release|Any CPU
		{72D8FA52-9B72-3A91-D344-2583DE00F69A}.Release|Any CPU.Build.0 = Release|Any CPU
		{DA1ACEEF-CAAB-89CE-64CE-5F7BA28B3E55}.Debug|Any CPU.ActiveCfg = Debug|Any CPU
		{DA1ACEEF-CAAB-89CE-64CE-5F7BA28B3E55}.Debug|Any CPU.Build.0 = Debug|Any CPU
		{DA1ACEEF-CAAB-89CE-64CE-5F7BA28B3E55}.Release|Any CPU.ActiveCfg = Release|Any CPU
		{DA1ACEEF-CAAB-89CE-64CE-5F7BA28B3E55}.Release|Any CPU.Build.0 = Release|Any CPU
		{CE836F50-CC7A-ECB4-A5E3-B58ECE814DA4}.Debug|Any CPU.ActiveCfg = Debug|Any CPU
		{CE836F50-CC7A-ECB4-A5E3-B58ECE814DA4}.Debug|Any CPU.Build.0 = Debug|Any CPU
		{CE836F50-CC7A-ECB4-A5E3-B58ECE814DA4}.Release|Any CPU.ActiveCfg = Release|Any CPU
		{CE836F50-CC7A-ECB4-A5E3-B58ECE814DA4}.Release|Any CPU.Build.0 = Release|Any CPU
		{91C216D8-8E07-5556-E66E-5025B61A54ED}.Debug|Any CPU.ActiveCfg = Debug|Any CPU
		{91C216D8-8E07-5556-E66E-5025B61A54ED}.Debug|Any CPU.Build.0 = Debug|Any CPU
		{91C216D8-8E07-5556-E66E-5025B61A54ED}.Release|Any CPU.ActiveCfg = Release|Any CPU
		{91C216D8-8E07-5556-E66E-5025B61A54ED}.Release|Any CPU.Build.0 = Release|Any CPU
		{AEA173C2-00D9-39E7-2776-AF1BBBCF4D05}.Debug|Any CPU.ActiveCfg = Debug|Any CPU
		{AEA173C2-00D9-39E7-2776-AF1BBBCF4D05}.Debug|Any CPU.Build.0 = Debug|Any CPU
		{AEA173C2-00D9-39E7-2776-AF1BBBCF4D05}.Release|Any CPU.ActiveCfg = Release|Any CPU
		{AEA173C2-00D9-39E7-2776-AF1BBBCF4D05}.Release|Any CPU.Build.0 = Release|Any CPU
		{158C99E2-9F76-765A-E196-8840FF83048E}.Debug|Any CPU.ActiveCfg = Debug|Any CPU
		{158C99E2-9F76-765A-E196-8840FF83048E}.Debug|Any CPU.Build.0 = Debug|Any CPU
		{158C99E2-9F76-765A-E196-8840FF83048E}.Release|Any CPU.ActiveCfg = Release|Any CPU
		{158C99E2-9F76-765A-E196-8840FF83048E}.Release|Any CPU.Build.0 = Release|Any CPU
		{BE473B7C-816F-77EA-A80E-8059CFB5AE35}.Debug|Any CPU.ActiveCfg = Debug|Any CPU
		{BE473B7C-816F-77EA-A80E-8059CFB5AE35}.Debug|Any CPU.Build.0 = Debug|Any CPU
		{BE473B7C-816F-77EA-A80E-8059CFB5AE35}.Release|Any CPU.ActiveCfg = Release|Any CPU
		{BE473B7C-816F-77EA-A80E-8059CFB5AE35}.Release|Any CPU.Build.0 = Release|Any CPU
		{F01FEBB0-6DF0-C85F-7D83-7C7DFDE1FC19}.Debug|Any CPU.ActiveCfg = Debug|Any CPU
		{F01FEBB0-6DF0-C85F-7D83-7C7DFDE1FC19}.Debug|Any CPU.Build.0 = Debug|Any CPU
		{F01FEBB0-6DF0-C85F-7D83-7C7DFDE1FC19}.Release|Any CPU.ActiveCfg = Release|Any CPU
		{F01FEBB0-6DF0-C85F-7D83-7C7DFDE1FC19}.Release|Any CPU.Build.0 = Release|Any CPU
		{41E66A66-7474-ADB2-849D-DAFD2600C3D2}.Debug|Any CPU.ActiveCfg = Debug|Any CPU
		{41E66A66-7474-ADB2-849D-DAFD2600C3D2}.Debug|Any CPU.Build.0 = Debug|Any CPU
		{41E66A66-7474-ADB2-849D-DAFD2600C3D2}.Release|Any CPU.ActiveCfg = Release|Any CPU
		{41E66A66-7474-ADB2-849D-DAFD2600C3D2}.Release|Any CPU.Build.0 = Release|Any CPU
		{19C9E0AA-91F5-4E7C-CF9A-27EAAEEA28A8}.Debug|Any CPU.ActiveCfg = Debug|Any CPU
		{19C9E0AA-91F5-4E7C-CF9A-27EAAEEA28A8}.Debug|Any CPU.Build.0 = Debug|Any CPU
		{19C9E0AA-91F5-4E7C-CF9A-27EAAEEA28A8}.Release|Any CPU.ActiveCfg = Release|Any CPU
		{19C9E0AA-91F5-4E7C-CF9A-27EAAEEA28A8}.Release|Any CPU.Build.0 = Release|Any CPU
		{8706AE84-523F-1CF3-A828-4CBAF11B681A}.Debug|Any CPU.ActiveCfg = Debug|Any CPU
		{8706AE84-523F-1CF3-A828-4CBAF11B681A}.Debug|Any CPU.Build.0 = Debug|Any CPU
		{8706AE84-523F-1CF3-A828-4CBAF11B681A}.Release|Any CPU.ActiveCfg = Release|Any CPU
		{8706AE84-523F-1CF3-A828-4CBAF11B681A}.Release|Any CPU.Build.0 = Release|Any CPU
		{2777A430-C2EB-5011-9CDB-989FF4EF28C8}.Debug|Any CPU.ActiveCfg = Debug|Any CPU
		{2777A430-C2EB-5011-9CDB-989FF4EF28C8}.Debug|Any CPU.Build.0 = Debug|Any CPU
		{2777A430-C2EB-5011-9CDB-989FF4EF28C8}.Release|Any CPU.ActiveCfg = Release|Any CPU
		{2777A430-C2EB-5011-9CDB-989FF4EF28C8}.Release|Any CPU.Build.0 = Release|Any CPU
		{0970A06E-3D95-4ED9-0458-612CD70D7EDA}.Debug|Any CPU.ActiveCfg = Debug|Any CPU
		{0970A06E-3D95-4ED9-0458-612CD70D7EDA}.Debug|Any CPU.Build.0 = Debug|Any CPU
		{0970A06E-3D95-4ED9-0458-612CD70D7EDA}.Release|Any CPU.ActiveCfg = Release|Any CPU
		{0970A06E-3D95-4ED9-0458-612CD70D7EDA}.Release|Any CPU.Build.0 = Release|Any CPU
		{A5E1D440-8BE7-5693-6A7B-35DA8C138BD4}.Debug|Any CPU.ActiveCfg = Debug|Any CPU
		{A5E1D440-8BE7-5693-6A7B-35DA8C138BD4}.Debug|Any CPU.Build.0 = Debug|Any CPU
		{A5E1D440-8BE7-5693-6A7B-35DA8C138BD4}.Release|Any CPU.ActiveCfg = Release|Any CPU
		{A5E1D440-8BE7-5693-6A7B-35DA8C138BD4}.Release|Any CPU.Build.0 = Release|Any CPU
		{D8BCAE20-CD99-64FD-1D6E-A22138AB0C16}.Debug|Any CPU.ActiveCfg = Debug|Any CPU
		{D8BCAE20-CD99-64FD-1D6E-A22138AB0C16}.Debug|Any CPU.Build.0 = Debug|Any CPU
		{D8BCAE20-CD99-64FD-1D6E-A22138AB0C16}.Release|Any CPU.ActiveCfg = Release|Any CPU
		{D8BCAE20-CD99-64FD-1D6E-A22138AB0C16}.Release|Any CPU.Build.0 = Release|Any CPU
		{B0E15A8E-C3D0-3A09-EE88-5EEA4DC4902B}.Debug|Any CPU.ActiveCfg = Debug|Any CPU
		{B0E15A8E-C3D0-3A09-EE88-5EEA4DC4902B}.Debug|Any CPU.Build.0 = Debug|Any CPU
		{B0E15A8E-C3D0-3A09-EE88-5EEA4DC4902B}.Release|Any CPU.ActiveCfg = Release|Any CPU
		{B0E15A8E-C3D0-3A09-EE88-5EEA4DC4902B}.Release|Any CPU.Build.0 = Release|Any CPU
		{EE820072-0EE1-1877-EEAF-5C90C5788729}.Debug|Any CPU.ActiveCfg = Debug|Any CPU
		{EE820072-0EE1-1877-EEAF-5C90C5788729}.Debug|Any CPU.Build.0 = Debug|Any CPU
		{EE820072-0EE1-1877-EEAF-5C90C5788729}.Release|Any CPU.ActiveCfg = Release|Any CPU
		{EE820072-0EE1-1877-EEAF-5C90C5788729}.Release|Any CPU.Build.0 = Release|Any CPU
		{7F62649C-8612-5F90-1990-BA85D62FB8AD}.Debug|Any CPU.ActiveCfg = Debug|Any CPU
		{7F62649C-8612-5F90-1990-BA85D62FB8AD}.Debug|Any CPU.Build.0 = Debug|Any CPU
		{7F62649C-8612-5F90-1990-BA85D62FB8AD}.Release|Any CPU.ActiveCfg = Release|Any CPU
		{7F62649C-8612-5F90-1990-BA85D62FB8AD}.Release|Any CPU.Build.0 = Release|Any CPU
		{154DD211-9EAF-B416-F260-219321189601}.Debug|Any CPU.ActiveCfg = Debug|Any CPU
		{154DD211-9EAF-B416-F260-219321189601}.Debug|Any CPU.Build.0 = Debug|Any CPU
		{154DD211-9EAF-B416-F260-219321189601}.Release|Any CPU.ActiveCfg = Release|Any CPU
		{154DD211-9EAF-B416-F260-219321189601}.Release|Any CPU.Build.0 = Release|Any CPU
	EndGlobalSection
	GlobalSection(SolutionProperties) = preSolution
		HideSolutionNode = FALSE
	EndGlobalSection
EndGlobal
