
Microsoft Visual Studio Solution File, Format Version 12.00
# Visual Studio 2017
Project("{FAE04EC0-301F-11D3-BF4B-00C04F79EFBC}") = "Microsoft.MixedReality.Toolkit.Providers.OpenVR", "Microsoft.MixedReality.Toolkit.Providers.OpenVR.csproj", "{A4B76A97-A421-EB54-90EE-3C7830AFCB66}"
EndProject
Project("{FAE04EC0-301F-11D3-BF4B-00C04F79EFBC}") = "Microsoft.MixedReality.Toolkit", "Microsoft.MixedReality.Toolkit.csproj", "{AF5A9723-CCE6-0EC7-5AB6-350BC56B6ADA}"
EndProject
Project("{FAE04EC0-301F-11D3-BF4B-00C04F79EFBC}") = "Microsoft.MixedReality.Toolkit.Services.SpatialAwarenessSystem", "Microsoft.MixedReality.Toolkit.Services.SpatialAwarenessSystem.csproj", "{0E67D0DF-E44A-E701-B9DC-3292385D82B3}"
EndProject
Project("{FAE04EC0-301F-11D3-BF4B-00C04F79EFBC}") = "Unity.TextMeshPro", "Unity.TextMeshPro.csproj", "{07A21C90-D344-AE1A-8456-9910C203B41A}"
EndProject
Project("{FAE04EC0-301F-11D3-BF4B-00C04F79EFBC}") = "Microsoft.MixedReality.Toolkit.SDK", "Microsoft.MixedReality.Toolkit.SDK.csproj", "{20B681D7-DC6C-2326-C7D8-4217621B4A81}"
EndProject
Project("{FAE04EC0-301F-11D3-BF4B-00C04F79EFBC}") = "Unity.Analytics.DataPrivacy", "Unity.Analytics.DataPrivacy.csproj", "{D6E266C6-3D1F-28C8-9FEB-2A01E44DBF77}"
EndProject
Project("{FAE04EC0-301F-11D3-BF4B-00C04F79EFBC}") = "Operation Aincrad", "Operation Aincrad.csproj", "{45DE828D-D9F2-6B6B-8574-256FEEB69508}"
EndProject
Project("{FAE04EC0-301F-11D3-BF4B-00C04F79EFBC}") = "Microsoft.MixedReality.Toolkit.Services.InputSystem", "Microsoft.MixedReality.Toolkit.Services.InputSystem.csproj", "{2D12E042-9A5E-3FC9-CFA1-AD7AC5E310B3}"
EndProject
Project("{FAE04EC0-301F-11D3-BF4B-00C04F79EFBC}") = "Unity.XR.WindowsMR", "Unity.XR.WindowsMR.csproj", "{5E11E1B3-0410-B7BD-6D16-1A513F34657C}"
EndProject
Project("{FAE04EC0-301F-11D3-BF4B-00C04F79EFBC}") = "Microsoft.MixedReality.Toolkit.Services.DiagnosticsSystem", "Microsoft.MixedReality.Toolkit.Services.DiagnosticsSystem.csproj", "{5865369F-01A8-E52F-2D38-EB8F63F3C5A6}"
EndProject
Project("{FAE04EC0-301F-11D3-BF4B-00C04F79EFBC}") = "MixedRealityToolkit.Examples.Demos.Utilities.InspectorFields", "MixedRealityToolkit.Examples.Demos.Utilities.InspectorFields.csproj", "{E9A0792D-D1C0-717D-73FB-AA10C39957FF}"
EndProject
Project("{FAE04EC0-301F-11D3-BF4B-00C04F79EFBC}") = "Microsoft.MixedReality.Toolkit.Core.Utilities.Async", "Microsoft.MixedReality.Toolkit.Core.Utilities.Async.csproj", "{FF613523-38ED-49F9-A05C-7EB0FF7F6087}"
EndProject
Project("{FAE04EC0-301F-11D3-BF4B-00C04F79EFBC}") = "Microsoft.MixedReality.Toolkit.Examples", "Microsoft.MixedReality.Toolkit.Examples.csproj", "{169987FF-95E6-63A3-4E7E-BEFCEB35236B}"
EndProject
Project("{FAE04EC0-301F-11D3-BF4B-00C04F79EFBC}") = "Microsoft.MixedReality.Toolkit.Providers.WindowsMixedReality", "Microsoft.MixedReality.Toolkit.Providers.WindowsMixedReality.csproj", "{1452D62D-CB36-39DB-B05C-12C467BEAE9C}"
EndProject
Project("{FAE04EC0-301F-11D3-BF4B-00C04F79EFBC}") = "Microsoft.MixedReality.Toolkit.Providers.WindowsVoiceInput", "Microsoft.MixedReality.Toolkit.Providers.WindowsVoiceInput.csproj", "{320A47D8-6F18-66F1-0ED5-1C68CEFD76D5}"
EndProject
Project("{FAE04EC0-301F-11D3-BF4B-00C04F79EFBC}") = "Microsoft.MixedReality.Toolkit.Services.TeleportSystem", "Microsoft.MixedReality.Toolkit.Services.TeleportSystem.csproj", "{EC4287CB-7C56-4DF1-AFB3-858C90C68464}"
EndProject
Project("{FAE04EC0-301F-11D3-BF4B-00C04F79EFBC}") = "Microsoft.MixedReality.Toolkit.Services.BoundarySystem", "Microsoft.MixedReality.Toolkit.Services.BoundarySystem.csproj", "{2774704A-DAE0-BFE3-12F9-4997A0489482}"
EndProject
Project("{FAE04EC0-301F-11D3-BF4B-00C04F79EFBC}") = "MixedRealityToolkit-Examples.Demos.UX.Interactables", "MixedRealityToolkit-Examples.Demos.UX.Interactables.csproj", "{461ABC64-4A33-0628-7F50-69F13301CA2B}"
EndProject
Project("{FAE04EC0-301F-11D3-BF4B-00C04F79EFBC}") = "Microsoft.MixedReality.Toolkit.SDK.Inspectors", "Microsoft.MixedReality.Toolkit.SDK.Inspectors.csproj", "{5DB980E4-8B63-49EE-9411-9D89524F0656}"
EndProject
Project("{FAE04EC0-301F-11D3-BF4B-00C04F79EFBC}") = "Microsoft.MixedReality.Toolkit.Core.Inspectors", "Microsoft.MixedReality.Toolkit.Core.Inspectors.csproj", "{41B09A26-B7C0-0D5E-6217-D487BF11C795}"
EndProject
Project("{FAE04EC0-301F-11D3-BF4B-00C04F79EFBC}") = "Unity.PackageManagerUI.Editor", "Unity.PackageManagerUI.Editor.csproj", "{6877705C-FBD9-0C4F-5AFB-6FB431E5D39D}"
EndProject
Project("{FAE04EC0-301F-11D3-BF4B-00C04F79EFBC}") = "MixedRealityToolkit-Examples.Demos.Utilities.InspectorFields.Inspectors", "MixedRealityToolkit-Examples.Demos.Utilities.InspectorFields.Inspectors.csproj", "{B08B6C61-CBCA-72CD-C76D-59037F6CA215}"
EndProject
Project("{FAE04EC0-301F-11D3-BF4B-00C04F79EFBC}") = "Unity.TextMeshPro.Editor", "Unity.TextMeshPro.Editor.csproj", "{3A848AB7-9891-EDDA-D555-BF184C2F81F4}"
EndProject
Project("{FAE04EC0-301F-11D3-BF4B-00C04F79EFBC}") = "Unity.CollabProxy.Editor", "Unity.CollabProxy.Editor.csproj", "{C12CEEC6-100C-58A2-DE36-314E4DE5E40B}"
EndProject
Project("{FAE04EC0-301F-11D3-BF4B-00C04F79EFBC}") = "Microsoft.MixedReality.Toolkit.Core.Utilities.Editor", "Microsoft.MixedReality.Toolkit.Core.Utilities.Editor.csproj", "{E91D933D-BA24-0B4F-8473-38D649D909F4}"
EndProject
Project("{FAE04EC0-301F-11D3-BF4B-00C04F79EFBC}") = "Microsoft.MixedReality.Toolkit.Core.Build", "Microsoft.MixedReality.Toolkit.Core.Build.csproj", "{BDABAA12-22CC-1B8D-0BEA-78A479EE8813}"
EndProject
Project("{FAE04EC0-301F-11D3-BF4B-00C04F79EFBC}") = "Microsoft.MixedReality.Toolkit.Core.Definitions.Utilities.Editor", "Microsoft.MixedReality.Toolkit.Core.Definitions.Utilities.Editor.csproj", "{152C131F-03D0-DF24-1F23-F2F8A84B230B}"
EndProject
Project("{FAE04EC0-301F-11D3-BF4B-00C04F79EFBC}") = "Unity.XR.WindowsMR.Editor", "Unity.XR.WindowsMR.Editor.csproj", "{D7E0F621-D98D-F122-678E-C02D028E5512}"
EndProject
Project("{FAE04EC0-301F-11D3-BF4B-00C04F79EFBC}") = "Microsoft.MixedReality.Toolkit.Examples.Demos.StandardShader.Inspectors", "Microsoft.MixedReality.Toolkit.Examples.Demos.StandardShader.Inspectors.csproj", "{79DA2558-5E67-1B2B-EBD7-CEDD6845E313}"
EndProject
Project("{FAE04EC0-301F-11D3-BF4B-00C04F79EFBC}") = "Microsoft.MixedReality.Toolkit.Core.Extensions.EditorClassExtensions", "Microsoft.MixedReality.Toolkit.Core.Extensions.EditorClassExtensions.csproj", "{3D0D0668-CAD0-9D72-7F00-EC9AB6DD8AC4}"
EndProject
Global
	GlobalSection(SolutionConfigurationPlatforms) = preSolution
		Debug|Any CPU = Debug|Any CPU
		Release|Any CPU = Release|Any CPU
	EndGlobalSection
	GlobalSection(ProjectConfigurationPlatforms) = postSolution
		{A4B76A97-A421-EB54-90EE-3C7830AFCB66}.Debug|Any CPU.ActiveCfg = Debug|Any CPU
		{A4B76A97-A421-EB54-90EE-3C7830AFCB66}.Debug|Any CPU.Build.0 = Debug|Any CPU
		{A4B76A97-A421-EB54-90EE-3C7830AFCB66}.Release|Any CPU.ActiveCfg = Release|Any CPU
		{A4B76A97-A421-EB54-90EE-3C7830AFCB66}.Release|Any CPU.Build.0 = Release|Any CPU
		{AF5A9723-CCE6-0EC7-5AB6-350BC56B6ADA}.Debug|Any CPU.ActiveCfg = Debug|Any CPU
		{AF5A9723-CCE6-0EC7-5AB6-350BC56B6ADA}.Debug|Any CPU.Build.0 = Debug|Any CPU
		{AF5A9723-CCE6-0EC7-5AB6-350BC56B6ADA}.Release|Any CPU.ActiveCfg = Release|Any CPU
		{AF5A9723-CCE6-0EC7-5AB6-350BC56B6ADA}.Release|Any CPU.Build.0 = Release|Any CPU
		{0E67D0DF-E44A-E701-B9DC-3292385D82B3}.Debug|Any CPU.ActiveCfg = Debug|Any CPU
		{0E67D0DF-E44A-E701-B9DC-3292385D82B3}.Debug|Any CPU.Build.0 = Debug|Any CPU
		{0E67D0DF-E44A-E701-B9DC-3292385D82B3}.Release|Any CPU.ActiveCfg = Release|Any CPU
		{0E67D0DF-E44A-E701-B9DC-3292385D82B3}.Release|Any CPU.Build.0 = Release|Any CPU
		{07A21C90-D344-AE1A-8456-9910C203B41A}.Debug|Any CPU.ActiveCfg = Debug|Any CPU
		{07A21C90-D344-AE1A-8456-9910C203B41A}.Debug|Any CPU.Build.0 = Debug|Any CPU
		{07A21C90-D344-AE1A-8456-9910C203B41A}.Release|Any CPU.ActiveCfg = Release|Any CPU
		{07A21C90-D344-AE1A-8456-9910C203B41A}.Release|Any CPU.Build.0 = Release|Any CPU
		{20B681D7-DC6C-2326-C7D8-4217621B4A81}.Debug|Any CPU.ActiveCfg = Debug|Any CPU
		{20B681D7-DC6C-2326-C7D8-4217621B4A81}.Debug|Any CPU.Build.0 = Debug|Any CPU
		{20B681D7-DC6C-2326-C7D8-4217621B4A81}.Release|Any CPU.ActiveCfg = Release|Any CPU
		{20B681D7-DC6C-2326-C7D8-4217621B4A81}.Release|Any CPU.Build.0 = Release|Any CPU
		{D6E266C6-3D1F-28C8-9FEB-2A01E44DBF77}.Debug|Any CPU.ActiveCfg = Debug|Any CPU
		{D6E266C6-3D1F-28C8-9FEB-2A01E44DBF77}.Debug|Any CPU.Build.0 = Debug|Any CPU
		{D6E266C6-3D1F-28C8-9FEB-2A01E44DBF77}.Release|Any CPU.ActiveCfg = Release|Any CPU
		{D6E266C6-3D1F-28C8-9FEB-2A01E44DBF77}.Release|Any CPU.Build.0 = Release|Any CPU
		{45DE828D-D9F2-6B6B-8574-256FEEB69508}.Debug|Any CPU.ActiveCfg = Debug|Any CPU
		{45DE828D-D9F2-6B6B-8574-256FEEB69508}.Debug|Any CPU.Build.0 = Debug|Any CPU
		{45DE828D-D9F2-6B6B-8574-256FEEB69508}.Release|Any CPU.ActiveCfg = Release|Any CPU
		{45DE828D-D9F2-6B6B-8574-256FEEB69508}.Release|Any CPU.Build.0 = Release|Any CPU
		{2D12E042-9A5E-3FC9-CFA1-AD7AC5E310B3}.Debug|Any CPU.ActiveCfg = Debug|Any CPU
		{2D12E042-9A5E-3FC9-CFA1-AD7AC5E310B3}.Debug|Any CPU.Build.0 = Debug|Any CPU
		{2D12E042-9A5E-3FC9-CFA1-AD7AC5E310B3}.Release|Any CPU.ActiveCfg = Release|Any CPU
		{2D12E042-9A5E-3FC9-CFA1-AD7AC5E310B3}.Release|Any CPU.Build.0 = Release|Any CPU
		{5E11E1B3-0410-B7BD-6D16-1A513F34657C}.Debug|Any CPU.ActiveCfg = Debug|Any CPU
		{5E11E1B3-0410-B7BD-6D16-1A513F34657C}.Debug|Any CPU.Build.0 = Debug|Any CPU
		{5E11E1B3-0410-B7BD-6D16-1A513F34657C}.Release|Any CPU.ActiveCfg = Release|Any CPU
		{5E11E1B3-0410-B7BD-6D16-1A513F34657C}.Release|Any CPU.Build.0 = Release|Any CPU
		{5865369F-01A8-E52F-2D38-EB8F63F3C5A6}.Debug|Any CPU.ActiveCfg = Debug|Any CPU
		{5865369F-01A8-E52F-2D38-EB8F63F3C5A6}.Debug|Any CPU.Build.0 = Debug|Any CPU
		{5865369F-01A8-E52F-2D38-EB8F63F3C5A6}.Release|Any CPU.ActiveCfg = Release|Any CPU
		{5865369F-01A8-E52F-2D38-EB8F63F3C5A6}.Release|Any CPU.Build.0 = Release|Any CPU
		{E9A0792D-D1C0-717D-73FB-AA10C39957FF}.Debug|Any CPU.ActiveCfg = Debug|Any CPU
		{E9A0792D-D1C0-717D-73FB-AA10C39957FF}.Debug|Any CPU.Build.0 = Debug|Any CPU
		{E9A0792D-D1C0-717D-73FB-AA10C39957FF}.Release|Any CPU.ActiveCfg = Release|Any CPU
		{E9A0792D-D1C0-717D-73FB-AA10C39957FF}.Release|Any CPU.Build.0 = Release|Any CPU
		{FF613523-38ED-49F9-A05C-7EB0FF7F6087}.Debug|Any CPU.ActiveCfg = Debug|Any CPU
		{FF613523-38ED-49F9-A05C-7EB0FF7F6087}.Debug|Any CPU.Build.0 = Debug|Any CPU
		{FF613523-38ED-49F9-A05C-7EB0FF7F6087}.Release|Any CPU.ActiveCfg = Release|Any CPU
		{FF613523-38ED-49F9-A05C-7EB0FF7F6087}.Release|Any CPU.Build.0 = Release|Any CPU
		{169987FF-95E6-63A3-4E7E-BEFCEB35236B}.Debug|Any CPU.ActiveCfg = Debug|Any CPU
		{169987FF-95E6-63A3-4E7E-BEFCEB35236B}.Debug|Any CPU.Build.0 = Debug|Any CPU
		{169987FF-95E6-63A3-4E7E-BEFCEB35236B}.Release|Any CPU.ActiveCfg = Release|Any CPU
		{169987FF-95E6-63A3-4E7E-BEFCEB35236B}.Release|Any CPU.Build.0 = Release|Any CPU
		{1452D62D-CB36-39DB-B05C-12C467BEAE9C}.Debug|Any CPU.ActiveCfg = Debug|Any CPU
		{1452D62D-CB36-39DB-B05C-12C467BEAE9C}.Debug|Any CPU.Build.0 = Debug|Any CPU
		{1452D62D-CB36-39DB-B05C-12C467BEAE9C}.Release|Any CPU.ActiveCfg = Release|Any CPU
		{1452D62D-CB36-39DB-B05C-12C467BEAE9C}.Release|Any CPU.Build.0 = Release|Any CPU
		{320A47D8-6F18-66F1-0ED5-1C68CEFD76D5}.Debug|Any CPU.ActiveCfg = Debug|Any CPU
		{320A47D8-6F18-66F1-0ED5-1C68CEFD76D5}.Debug|Any CPU.Build.0 = Debug|Any CPU
		{320A47D8-6F18-66F1-0ED5-1C68CEFD76D5}.Release|Any CPU.ActiveCfg = Release|Any CPU
		{320A47D8-6F18-66F1-0ED5-1C68CEFD76D5}.Release|Any CPU.Build.0 = Release|Any CPU
		{EC4287CB-7C56-4DF1-AFB3-858C90C68464}.Debug|Any CPU.ActiveCfg = Debug|Any CPU
		{EC4287CB-7C56-4DF1-AFB3-858C90C68464}.Debug|Any CPU.Build.0 = Debug|Any CPU
		{EC4287CB-7C56-4DF1-AFB3-858C90C68464}.Release|Any CPU.ActiveCfg = Release|Any CPU
		{EC4287CB-7C56-4DF1-AFB3-858C90C68464}.Release|Any CPU.Build.0 = Release|Any CPU
		{2774704A-DAE0-BFE3-12F9-4997A0489482}.Debug|Any CPU.ActiveCfg = Debug|Any CPU
		{2774704A-DAE0-BFE3-12F9-4997A0489482}.Debug|Any CPU.Build.0 = Debug|Any CPU
		{2774704A-DAE0-BFE3-12F9-4997A0489482}.Release|Any CPU.ActiveCfg = Release|Any CPU
		{2774704A-DAE0-BFE3-12F9-4997A0489482}.Release|Any CPU.Build.0 = Release|Any CPU
		{461ABC64-4A33-0628-7F50-69F13301CA2B}.Debug|Any CPU.ActiveCfg = Debug|Any CPU
		{461ABC64-4A33-0628-7F50-69F13301CA2B}.Debug|Any CPU.Build.0 = Debug|Any CPU
		{461ABC64-4A33-0628-7F50-69F13301CA2B}.Release|Any CPU.ActiveCfg = Release|Any CPU
		{461ABC64-4A33-0628-7F50-69F13301CA2B}.Release|Any CPU.Build.0 = Release|Any CPU
		{5DB980E4-8B63-49EE-9411-9D89524F0656}.Debug|Any CPU.ActiveCfg = Debug|Any CPU
		{5DB980E4-8B63-49EE-9411-9D89524F0656}.Debug|Any CPU.Build.0 = Debug|Any CPU
		{5DB980E4-8B63-49EE-9411-9D89524F0656}.Release|Any CPU.ActiveCfg = Release|Any CPU
		{5DB980E4-8B63-49EE-9411-9D89524F0656}.Release|Any CPU.Build.0 = Release|Any CPU
		{41B09A26-B7C0-0D5E-6217-D487BF11C795}.Debug|Any CPU.ActiveCfg = Debug|Any CPU
		{41B09A26-B7C0-0D5E-6217-D487BF11C795}.Debug|Any CPU.Build.0 = Debug|Any CPU
		{41B09A26-B7C0-0D5E-6217-D487BF11C795}.Release|Any CPU.ActiveCfg = Release|Any CPU
		{41B09A26-B7C0-0D5E-6217-D487BF11C795}.Release|Any CPU.Build.0 = Release|Any CPU
		{6877705C-FBD9-0C4F-5AFB-6FB431E5D39D}.Debug|Any CPU.ActiveCfg = Debug|Any CPU
		{6877705C-FBD9-0C4F-5AFB-6FB431E5D39D}.Debug|Any CPU.Build.0 = Debug|Any CPU
		{6877705C-FBD9-0C4F-5AFB-6FB431E5D39D}.Release|Any CPU.ActiveCfg = Release|Any CPU
		{6877705C-FBD9-0C4F-5AFB-6FB431E5D39D}.Release|Any CPU.Build.0 = Release|Any CPU
		{B08B6C61-CBCA-72CD-C76D-59037F6CA215}.Debug|Any CPU.ActiveCfg = Debug|Any CPU
		{B08B6C61-CBCA-72CD-C76D-59037F6CA215}.Debug|Any CPU.Build.0 = Debug|Any CPU
		{B08B6C61-CBCA-72CD-C76D-59037F6CA215}.Release|Any CPU.ActiveCfg = Release|Any CPU
		{B08B6C61-CBCA-72CD-C76D-59037F6CA215}.Release|Any CPU.Build.0 = Release|Any CPU
		{3A848AB7-9891-EDDA-D555-BF184C2F81F4}.Debug|Any CPU.ActiveCfg = Debug|Any CPU
		{3A848AB7-9891-EDDA-D555-BF184C2F81F4}.Debug|Any CPU.Build.0 = Debug|Any CPU
		{3A848AB7-9891-EDDA-D555-BF184C2F81F4}.Release|Any CPU.ActiveCfg = Release|Any CPU
		{3A848AB7-9891-EDDA-D555-BF184C2F81F4}.Release|Any CPU.Build.0 = Release|Any CPU
		{C12CEEC6-100C-58A2-DE36-314E4DE5E40B}.Debug|Any CPU.ActiveCfg = Debug|Any CPU
		{C12CEEC6-100C-58A2-DE36-314E4DE5E40B}.Debug|Any CPU.Build.0 = Debug|Any CPU
		{C12CEEC6-100C-58A2-DE36-314E4DE5E40B}.Release|Any CPU.ActiveCfg = Release|Any CPU
		{C12CEEC6-100C-58A2-DE36-314E4DE5E40B}.Release|Any CPU.Build.0 = Release|Any CPU
		{E91D933D-BA24-0B4F-8473-38D649D909F4}.Debug|Any CPU.ActiveCfg = Debug|Any CPU
		{E91D933D-BA24-0B4F-8473-38D649D909F4}.Debug|Any CPU.Build.0 = Debug|Any CPU
		{E91D933D-BA24-0B4F-8473-38D649D909F4}.Release|Any CPU.ActiveCfg = Release|Any CPU
		{E91D933D-BA24-0B4F-8473-38D649D909F4}.Release|Any CPU.Build.0 = Release|Any CPU
		{BDABAA12-22CC-1B8D-0BEA-78A479EE8813}.Debug|Any CPU.ActiveCfg = Debug|Any CPU
		{BDABAA12-22CC-1B8D-0BEA-78A479EE8813}.Debug|Any CPU.Build.0 = Debug|Any CPU
		{BDABAA12-22CC-1B8D-0BEA-78A479EE8813}.Release|Any CPU.ActiveCfg = Release|Any CPU
		{BDABAA12-22CC-1B8D-0BEA-78A479EE8813}.Release|Any CPU.Build.0 = Release|Any CPU
		{152C131F-03D0-DF24-1F23-F2F8A84B230B}.Debug|Any CPU.ActiveCfg = Debug|Any CPU
		{152C131F-03D0-DF24-1F23-F2F8A84B230B}.Debug|Any CPU.Build.0 = Debug|Any CPU
		{152C131F-03D0-DF24-1F23-F2F8A84B230B}.Release|Any CPU.ActiveCfg = Release|Any CPU
		{152C131F-03D0-DF24-1F23-F2F8A84B230B}.Release|Any CPU.Build.0 = Release|Any CPU
		{D7E0F621-D98D-F122-678E-C02D028E5512}.Debug|Any CPU.ActiveCfg = Debug|Any CPU
		{D7E0F621-D98D-F122-678E-C02D028E5512}.Debug|Any CPU.Build.0 = Debug|Any CPU
		{D7E0F621-D98D-F122-678E-C02D028E5512}.Release|Any CPU.ActiveCfg = Release|Any CPU
		{D7E0F621-D98D-F122-678E-C02D028E5512}.Release|Any CPU.Build.0 = Release|Any CPU
		{79DA2558-5E67-1B2B-EBD7-CEDD6845E313}.Debug|Any CPU.ActiveCfg = Debug|Any CPU
		{79DA2558-5E67-1B2B-EBD7-CEDD6845E313}.Debug|Any CPU.Build.0 = Debug|Any CPU
		{79DA2558-5E67-1B2B-EBD7-CEDD6845E313}.Release|Any CPU.ActiveCfg = Release|Any CPU
		{79DA2558-5E67-1B2B-EBD7-CEDD6845E313}.Release|Any CPU.Build.0 = Release|Any CPU
		{3D0D0668-CAD0-9D72-7F00-EC9AB6DD8AC4}.Debug|Any CPU.ActiveCfg = Debug|Any CPU
		{3D0D0668-CAD0-9D72-7F00-EC9AB6DD8AC4}.Debug|Any CPU.Build.0 = Debug|Any CPU
		{3D0D0668-CAD0-9D72-7F00-EC9AB6DD8AC4}.Release|Any CPU.ActiveCfg = Release|Any CPU
		{3D0D0668-CAD0-9D72-7F00-EC9AB6DD8AC4}.Release|Any CPU.Build.0 = Release|Any CPU
	EndGlobalSection
	GlobalSection(SolutionProperties) = preSolution
		HideSolutionNode = FALSE
	EndGlobalSection
EndGlobal
